
Microsoft Visual Studio Solution File, Format Version 12.00
# Visual Studio Version 17
VisualStudioVersion = 17.8.34316.72
MinimumVisualStudioVersion = 10.0.40219.1
Project("{FAE04EC0-301F-11D3-BF4B-00C04F79EFBC}") = "tblrec", "tblrec\tblrec.csproj", "{BEAA7972-4D79-4CD9-9A0A-B81D9AA569A3}"
EndProject
Global
	GlobalSection(SolutionConfigurationPlatforms) = preSolution
		Debug|Any CPU = Debug|Any CPU
		Release|Any CPU = Release|Any CPU
	EndGlobalSection
	GlobalSection(ProjectConfigurationPlatforms) = postSolution
		{BEAA7972-4D79-4CD9-9A0A-B81D9AA569A3}.Debug|Any CPU.ActiveCfg = Debug|Any CPU
		{BEAA7972-4D79-4CD9-9A0A-B81D9AA569A3}.Debug|Any CPU.Build.0 = Debug|Any CPU
		{BEAA7972-4D79-4CD9-9A0A-B81D9AA569A3}.Release|Any CPU.ActiveCfg = Release|Any CPU
		{BEAA7972-4D79-4CD9-9A0A-B81D9AA569A3}.Release|Any CPU.Build.0 = Release|Any CPU
	EndGlobalSection
	GlobalSection(SolutionProperties) = preSolution
		HideSolutionNode = FALSE
	EndGlobalSection
	GlobalSection(ExtensibilityGlobals) = postSolution
		SolutionGuid = {A566B3F6-A07B-43F3-B7C8-49B2FA181220}
	EndGlobalSection
EndGlobal
